Microsoft Visual Studio Solution File, Format Version 12.00
# Visual Studio Version 17
VisualStudioVersion = 17.5.2.0
MinimumVisualStudioVersion = 10.0.40219.1
Project("{FAE04EC0-301F-11D3-BF4B-00C04F79EFBC}") = "Valuation.Api", "Valuation.Api.csproj", "{09D84223-1FE2-74ED-3898-8AD1FBC4FC69}"
EndProject
Global
	GlobalSection(SolutionConfigurationPlatforms) = preSolution
		Debug|Any CPU = Debug|Any CPU
		Release|Any CPU = Release|Any CPU
	EndGlobalSection
	GlobalSection(ProjectConfigurationPlatforms) = postSolution
		{09D84223-1FE2-74ED-3898-8AD1FBC4FC69}.Debug|Any CPU.ActiveCfg = Debug|Any CPU
		{09D84223-1FE2-74ED-3898-8AD1FBC4FC69}.Debug|Any CPU.Build.0 = Debug|Any CPU
		{09D84223-1FE2-74ED-3898-8AD1FBC4FC69}.Release|Any CPU.ActiveCfg = Release|Any CPU
		{09D84223-1FE2-74ED-3898-8AD1FBC4FC69}.Release|Any CPU.Build.0 = Release|Any CPU
	EndGlobalSection
	GlobalSection(SolutionProperties) = preSolution
		HideSolutionNode = FALSE
	EndGlobalSection
	GlobalSection(ExtensibilityGlobals) = postSolution
		SolutionGuid = {D9E42EB4-6122-44E1-AE39-3264B66B3C52}
	EndGlobalSection
EndGlobal
